
Microsoft Visual Studio Solution File, Format Version 12.00
# Visual Studio Version 16
VisualStudioVersion = 16.0.30517.126
MinimumVisualStudioVersion = 10.0.40219.1
Project("{8BC9CEB8-8B4A-11D0-8D11-00A0C91BC942}") = "SalesByMatchSocks", "SalesByMatchSocks.vcxproj", "{4CAC13F9-76F5-4A55-BBB2-7A3472E94A8A}"
EndProject
Project("{8BC9CEB8-8B4A-11D0-8D11-00A0C91BC942}") = "CountingValleys", "..\CountingValleys\CountingValleys.vcxproj", "{DB90D4F1-6FD8-4C36-B964-EC7E77745D8F}"
EndProject
Project("{8BC9CEB8-8B4A-11D0-8D11-00A0C91BC942}") = "UnderstandingHashTable", "..\UnderstandingHashTable\UnderstandingHashTable.vcxproj", "{9F1B09A2-B42D-40B0-9C98-B57C74512805}"
EndProject
Global
	GlobalSection(SolutionConfigurationPlatforms) = preSolution
		Debug|x64 = Debug|x64
		Debug|x86 = Debug|x86
		Release|x64 = Release|x64
		Release|x86 = Release|x86
	EndGlobalSection
	GlobalSection(ProjectConfigurationPlatforms) = postSolution
		{4CAC13F9-76F5-4A55-BBB2-7A3472E94A8A}.Debug|x64.ActiveCfg = Debug|x64
		{4CAC13F9-76F5-4A55-BBB2-7A3472E94A8A}.Debug|x64.Build.0 = Debug|x64
		{4CAC13F9-76F5-4A55-BBB2-7A3472E94A8A}.Debug|x86.ActiveCfg = Debug|Win32
		{4CAC13F9-76F5-4A55-BBB2-7A3472E94A8A}.Debug|x86.Build.0 = Debug|Win32
		{4CAC13F9-76F5-4A55-BBB2-7A3472E94A8A}.Release|x64.ActiveCfg = Release|x64
		{4CAC13F9-76F5-4A55-BBB2-7A3472E94A8A}.Release|x64.Build.0 = Release|x64
		{4CAC13F9-76F5-4A55-BBB2-7A3472E94A8A}.Release|x86.ActiveCfg = Release|Win32
		{4CAC13F9-76F5-4A55-BBB2-7A3472E94A8A}.Release|x86.Build.0 = Release|Win32
		{DB90D4F1-6FD8-4C36-B964-EC7E77745D8F}.Debug|x64.ActiveCfg = Debug|x64
		{DB90D4F1-6FD8-4C36-B964-EC7E77745D8F}.Debug|x64.Build.0 = Debug|x64
		{DB90D4F1-6FD8-4C36-B964-EC7E77745D8F}.Debug|x86.ActiveCfg = Debug|Win32
		{DB90D4F1-6FD8-4C36-B964-EC7E77745D8F}.Debug|x86.Build.0 = Debug|Win32
		{DB90D4F1-6FD8-4C36-B964-EC7E77745D8F}.Release|x64.ActiveCfg = Release|x64
		{DB90D4F1-6FD8-4C36-B964-EC7E77745D8F}.Release|x64.Build.0 = Release|x64
		{DB90D4F1-6FD8-4C36-B964-EC7E77745D8F}.Release|x86.ActiveCfg = Release|Win32
		{DB90D4F1-6FD8-4C36-B964-EC7E77745D8F}.Release|x86.Build.0 = Release|Win32
		{9F1B09A2-B42D-40B0-9C98-B57C74512805}.Debug|x64.ActiveCfg = Debug|x64
		{9F1B09A2-B42D-40B0-9C98-B57C74512805}.Debug|x64.Build.0 = Debug|x64
		{9F1B09A2-B42D-40B0-9C98-B57C74512805}.Debug|x86.ActiveCfg = Debug|Win32
		{9F1B09A2-B42D-40B0-9C98-B57C74512805}.Debug|x86.Build.0 = Debug|Win32
		{9F1B09A2-B42D-40B0-9C98-B57C74512805}.Release|x64.ActiveCfg = Release|x64
		{9F1B09A2-B42D-40B0-9C98-B57C74512805}.Release|x64.Build.0 = Release|x64
		{9F1B09A2-B42D-40B0-9C98-B57C74512805}.Release|x86.ActiveCfg = Release|Win32
		{9F1B09A2-B42D-40B0-9C98-B57C74512805}.Release|x86.Build.0 = Release|Win32
	EndGlobalSection
	GlobalSection(SolutionProperties) = preSolution
		HideSolutionNode = FALSE
	EndGlobalSection
	GlobalSection(ExtensibilityGlobals) = postSolution
		SolutionGuid = {2A2A760F-9F09-4BD6-BE45-2F277F96779E}
	EndGlobalSection
EndGlobal
